
Microsoft Visual Studio Solution File, Format Version 12.00
# Visual Studio Version 17
VisualStudioVersion = 17.13.35806.99 d17.13
MinimumVisualStudioVersion = 10.0.40219.1
Project("{FAE04EC0-301F-11D3-BF4B-00C04F79EFBC}") = "AntambaJPrueba", "AntambaJPrueba\AntambaJPrueba.csproj", "{1D6AC39E-8953-424D-880E-6FD0BA2D5D01}"
EndProject
Global
	GlobalSection(SolutionConfigurationPlatforms) = preSolution
		Debug|Any CPU = Debug|Any CPU
		Release|Any CPU = Release|Any CPU
	EndGlobalSection
	GlobalSection(ProjectConfigurationPlatforms) = postSolution
		{1D6AC39E-8953-424D-880E-6FD0BA2D5D01}.Debug|Any CPU.ActiveCfg = Debug|Any CPU
		{1D6AC39E-8953-424D-880E-6FD0BA2D5D01}.Debug|Any CPU.Build.0 = Debug|Any CPU
		{1D6AC39E-8953-424D-880E-6FD0BA2D5D01}.Debug|Any CPU.Deploy.0 = Debug|Any CPU
		{1D6AC39E-8953-424D-880E-6FD0BA2D5D01}.Release|Any CPU.ActiveCfg = Release|Any CPU
		{1D6AC39E-8953-424D-880E-6FD0BA2D5D01}.Release|Any CPU.Build.0 = Release|Any CPU
		{1D6AC39E-8953-424D-880E-6FD0BA2D5D01}.Release|Any CPU.Deploy.0 = Release|Any CPU
	EndGlobalSection
	GlobalSection(SolutionProperties) = preSolution
		HideSolutionNode = FALSE
	EndGlobalSection
	GlobalSection(ExtensibilityGlobals) = postSolution
		SolutionGuid = {2CEA26BC-2C3E-4845-BA1C-586E30C21439}
	EndGlobalSection
EndGlobal
